
Microsoft Visual Studio Solution File, Format Version 12.00
# Visual Studio Version 16
VisualStudioVersion = 16.0.29503.13
MinimumVisualStudioVersion = 10.0.40219.1
Project("{9A19103F-16F7-4668-BE54-9A1E7A4F7556}") = "SimpleProgram", "SimpleProgram\SimpleProgram.csproj", "{BED71AD3-6CF1-4F84-9A76-704C1A594BA4}"
EndProject
Project("{9A19103F-16F7-4668-BE54-9A1E7A4F7556}") = "FormatField", "FormatField\FormatField.csproj", "{BD72E6C0-8C16-4F84-8BDF-49EA060469E1}"
EndProject
Project("{9A19103F-16F7-4668-BE54-9A1E7A4F7556}") = "AccessFromOutside", "AccessFromOutside\AccessFromOutside.csproj", "{168AF953-5D37-471D-81A1-77F69B2809F2}"
EndProject
Project("{FAE04EC0-301F-11D3-BF4B-00C04F79EFBC}") = "PuttingItAllTogether", "PuttingItAllTogether\PuttingItAllTogether.csproj", "{810029E9-EB29-4D8F-88C1-2850E535E52B}"
EndProject
Global
	GlobalSection(SolutionConfigurationPlatforms) = preSolution
		Debug|Any CPU = Debug|Any CPU
		Release|Any CPU = Release|Any CPU
	EndGlobalSection
	GlobalSection(ProjectConfigurationPlatforms) = postSolution
		{BED71AD3-6CF1-4F84-9A76-704C1A594BA4}.Debug|Any CPU.ActiveCfg = Debug|Any CPU
		{BED71AD3-6CF1-4F84-9A76-704C1A594BA4}.Debug|Any CPU.Build.0 = Debug|Any CPU
		{BED71AD3-6CF1-4F84-9A76-704C1A594BA4}.Release|Any CPU.ActiveCfg = Release|Any CPU
		{BED71AD3-6CF1-4F84-9A76-704C1A594BA4}.Release|Any CPU.Build.0 = Release|Any CPU
		{BD72E6C0-8C16-4F84-8BDF-49EA060469E1}.Debug|Any CPU.ActiveCfg = Debug|Any CPU
		{BD72E6C0-8C16-4F84-8BDF-49EA060469E1}.Debug|Any CPU.Build.0 = Debug|Any CPU
		{BD72E6C0-8C16-4F84-8BDF-49EA060469E1}.Release|Any CPU.ActiveCfg = Release|Any CPU
		{BD72E6C0-8C16-4F84-8BDF-49EA060469E1}.Release|Any CPU.Build.0 = Release|Any CPU
		{168AF953-5D37-471D-81A1-77F69B2809F2}.Debug|Any CPU.ActiveCfg = Debug|Any CPU
		{168AF953-5D37-471D-81A1-77F69B2809F2}.Debug|Any CPU.Build.0 = Debug|Any CPU
		{168AF953-5D37-471D-81A1-77F69B2809F2}.Release|Any CPU.ActiveCfg = Release|Any CPU
		{168AF953-5D37-471D-81A1-77F69B2809F2}.Release|Any CPU.Build.0 = Release|Any CPU
		{810029E9-EB29-4D8F-88C1-2850E535E52B}.Debug|Any CPU.ActiveCfg = Debug|Any CPU
		{810029E9-EB29-4D8F-88C1-2850E535E52B}.Debug|Any CPU.Build.0 = Debug|Any CPU
		{810029E9-EB29-4D8F-88C1-2850E535E52B}.Release|Any CPU.ActiveCfg = Release|Any CPU
		{810029E9-EB29-4D8F-88C1-2850E535E52B}.Release|Any CPU.Build.0 = Release|Any CPU
	EndGlobalSection
	GlobalSection(SolutionProperties) = preSolution
		HideSolutionNode = FALSE
	EndGlobalSection
	GlobalSection(ExtensibilityGlobals) = postSolution
		SolutionGuid = {37558F13-283D-4BE0-B74F-4C2F75023B63}
	EndGlobalSection
EndGlobal
