
Microsoft Visual Studio Solution File, Format Version 12.00
# Visual Studio Version 16
VisualStudioVersion = 16.0.29503.13
MinimumVisualStudioVersion = 10.0.40219.1
Project("{9A19103F-16F7-4668-BE54-9A1E7A4F7556}") = "SimpleProgram", "SimpleProgram\SimpleProgram.csproj", "{BED71AD3-6CF1-4F84-9A76-704C1A594BA4}"
EndProject
Project("{9A19103F-16F7-4668-BE54-9A1E7A4F7556}") = "FormatField", "FormatField\FormatField.csproj", "{BD72E6C0-8C16-4F84-8BDF-49EA060469E1}"
EndProject
Project("{9A19103F-16F7-4668-BE54-9A1E7A4F7556}") = "AccessFromOutside", "AccessFromOutside\AccessFromOutside.csproj", "{168AF953-5D37-471D-81A1-77F69B2809F2}"
EndProject
Project("{FAE04EC0-301F-11D3-BF4B-00C04F79EFBC}") = "PuttingItAllTogether", "PuttingItAllTogether\PuttingItAllTogether.csproj", "{810029E9-EB29-4D8F-88C1-2850E535E52B}"
EndProject
Project("{FAE04EC0-301F-11D3-BF4B-00C04F79EFBC}") = "MethodInvocations", "MethodInvocations\MethodInvocations.csproj", "{CA8D88F1-DB8D-4E36-95E6-8ECB0DE58FEC}"
EndProject
Project("{FAE04EC0-301F-11D3-BF4B-00C04F79EFBC}") = "ReturnValues", "ReturnValues\ReturnValues.csproj", "{C9CF3A6B-7750-4325-B410-6E48DC352F55}"
EndProject
Project("{FAE04EC0-301F-11D3-BF4B-00C04F79EFBC}") = "ReturnVoid", "ReturnVoid\ReturnVoid.csproj", "{BB9538D4-11A6-44F1-9D3D-7171A24F6EB2}"
EndProject
Project("{FAE04EC0-301F-11D3-BF4B-00C04F79EFBC}") = "PositionalParameters", "PositionalParameters\PositionalParameters.csproj", "{AC77C2DE-C642-4549-9EDA-A1260F3189A6}"
EndProject
Project("{FAE04EC0-301F-11D3-BF4B-00C04F79EFBC}") = "ValueParameters", "ValueParameters\ValueParameters.csproj", "{58C59362-FEFD-465D-B2B0-5540565D15B2}"
EndProject
Global
	GlobalSection(SolutionConfigurationPlatforms) = preSolution
		Debug|Any CPU = Debug|Any CPU
		Release|Any CPU = Release|Any CPU
	EndGlobalSection
	GlobalSection(ProjectConfigurationPlatforms) = postSolution
		{BED71AD3-6CF1-4F84-9A76-704C1A594BA4}.Debug|Any CPU.ActiveCfg = Debug|Any CPU
		{BED71AD3-6CF1-4F84-9A76-704C1A594BA4}.Debug|Any CPU.Build.0 = Debug|Any CPU
		{BED71AD3-6CF1-4F84-9A76-704C1A594BA4}.Release|Any CPU.ActiveCfg = Release|Any CPU
		{BED71AD3-6CF1-4F84-9A76-704C1A594BA4}.Release|Any CPU.Build.0 = Release|Any CPU
		{BD72E6C0-8C16-4F84-8BDF-49EA060469E1}.Debug|Any CPU.ActiveCfg = Debug|Any CPU
		{BD72E6C0-8C16-4F84-8BDF-49EA060469E1}.Debug|Any CPU.Build.0 = Debug|Any CPU
		{BD72E6C0-8C16-4F84-8BDF-49EA060469E1}.Release|Any CPU.ActiveCfg = Release|Any CPU
		{BD72E6C0-8C16-4F84-8BDF-49EA060469E1}.Release|Any CPU.Build.0 = Release|Any CPU
		{168AF953-5D37-471D-81A1-77F69B2809F2}.Debug|Any CPU.ActiveCfg = Debug|Any CPU
		{168AF953-5D37-471D-81A1-77F69B2809F2}.Debug|Any CPU.Build.0 = Debug|Any CPU
		{168AF953-5D37-471D-81A1-77F69B2809F2}.Release|Any CPU.ActiveCfg = Release|Any CPU
		{168AF953-5D37-471D-81A1-77F69B2809F2}.Release|Any CPU.Build.0 = Release|Any CPU
		{810029E9-EB29-4D8F-88C1-2850E535E52B}.Debug|Any CPU.ActiveCfg = Debug|Any CPU
		{810029E9-EB29-4D8F-88C1-2850E535E52B}.Debug|Any CPU.Build.0 = Debug|Any CPU
		{810029E9-EB29-4D8F-88C1-2850E535E52B}.Release|Any CPU.ActiveCfg = Release|Any CPU
		{810029E9-EB29-4D8F-88C1-2850E535E52B}.Release|Any CPU.Build.0 = Release|Any CPU
		{CA8D88F1-DB8D-4E36-95E6-8ECB0DE58FEC}.Debug|Any CPU.ActiveCfg = Debug|Any CPU
		{CA8D88F1-DB8D-4E36-95E6-8ECB0DE58FEC}.Debug|Any CPU.Build.0 = Debug|Any CPU
		{CA8D88F1-DB8D-4E36-95E6-8ECB0DE58FEC}.Release|Any CPU.ActiveCfg = Release|Any CPU
		{CA8D88F1-DB8D-4E36-95E6-8ECB0DE58FEC}.Release|Any CPU.Build.0 = Release|Any CPU
		{C9CF3A6B-7750-4325-B410-6E48DC352F55}.Debug|Any CPU.ActiveCfg = Debug|Any CPU
		{C9CF3A6B-7750-4325-B410-6E48DC352F55}.Debug|Any CPU.Build.0 = Debug|Any CPU
		{C9CF3A6B-7750-4325-B410-6E48DC352F55}.Release|Any CPU.ActiveCfg = Release|Any CPU
		{C9CF3A6B-7750-4325-B410-6E48DC352F55}.Release|Any CPU.Build.0 = Release|Any CPU
		{BB9538D4-11A6-44F1-9D3D-7171A24F6EB2}.Debug|Any CPU.ActiveCfg = Debug|Any CPU
		{BB9538D4-11A6-44F1-9D3D-7171A24F6EB2}.Debug|Any CPU.Build.0 = Debug|Any CPU
		{BB9538D4-11A6-44F1-9D3D-7171A24F6EB2}.Release|Any CPU.ActiveCfg = Release|Any CPU
		{BB9538D4-11A6-44F1-9D3D-7171A24F6EB2}.Release|Any CPU.Build.0 = Release|Any CPU
		{AC77C2DE-C642-4549-9EDA-A1260F3189A6}.Debug|Any CPU.ActiveCfg = Debug|Any CPU
		{AC77C2DE-C642-4549-9EDA-A1260F3189A6}.Debug|Any CPU.Build.0 = Debug|Any CPU
		{AC77C2DE-C642-4549-9EDA-A1260F3189A6}.Release|Any CPU.ActiveCfg = Release|Any CPU
		{AC77C2DE-C642-4549-9EDA-A1260F3189A6}.Release|Any CPU.Build.0 = Release|Any CPU
		{58C59362-FEFD-465D-B2B0-5540565D15B2}.Debug|Any CPU.ActiveCfg = Debug|Any CPU
		{58C59362-FEFD-465D-B2B0-5540565D15B2}.Debug|Any CPU.Build.0 = Debug|Any CPU
		{58C59362-FEFD-465D-B2B0-5540565D15B2}.Release|Any CPU.ActiveCfg = Release|Any CPU
		{58C59362-FEFD-465D-B2B0-5540565D15B2}.Release|Any CPU.Build.0 = Release|Any CPU
	EndGlobalSection
	GlobalSection(SolutionProperties) = preSolution
		HideSolutionNode = FALSE
	EndGlobalSection
	GlobalSection(ExtensibilityGlobals) = postSolution
		SolutionGuid = {37558F13-283D-4BE0-B74F-4C2F75023B63}
	EndGlobalSection
EndGlobal
